{
  "version": 4,
  "terraform_version": "1.13.5",
  "serial": 18,
  "lineage": "6ebd3022-62a6-658c-2938-ce2d0dd8ce2d",
  "outputs": {
    "resource_group_name": {
      "value": "secnet-vm-webapp-rg",
      "type": "string"
    },
    "vm_private_ip": {
      "value": "10.0.1.4",
      "type": "string"
    },
    "webapp_default_hostname": {
      "value": "secnet-vm-webapp-webapp.azurewebsites.net",
      "type": "string"
    }
  },
  "resources": [
    {
      "mode": "managed",
      "type": "azurerm_linux_virtual_machine",
      "name": "vm",
      "provider": "provider[\"registry.terraform.io/hashicorp/azurerm\"]",
      "instances": [
        {
          "schema_version": 0,
          "attributes": {
            "additional_capabilities": [],
            "admin_password": null,
            "admin_ssh_key": [
              {
                "public_key": " ssh-rsa AAAAB3NzaC1yc2EAAAADAQABAAACAQDKwn91eeaW+RY+epOEGwCbhVpFns8erlx/20rTzuxDhEQMkwpI1jlzMOSIWX+x0WmhY4w0Tor/EzfhFuvSu8uOgrtUPIjNTLBKOAp9I2rt3lxicc635DkYkdO0JptmxcAtDKW4IMksRVBOKlgkUSE2XdJ+r5EimLVLxI7Aaq234Kt37v2b18JB1ArimL3qBr7Zcr9kKgtmId/EFRs0LEhs+7Kwv5Fbjjz29KGFt6JoX3hT4uEyX5dQKBrEnUCYBsHctSUGhBtKPUtffBZJHQn4kA0DqxGwWX1E7AydKQ6+Y7WUOlbD3FpypjFYVJ+DoIigHfyoWdvc0zj32fWLtUI9dwqy27+4aoHG9idO/lx570Kknu7EuSXgAwxfT8nAxjvCwtijkbLAZlsNZW5zINLPH7gsqxiZCtbdXxZe2bbvG9wIQ3wAuYZGsbrD/XC4/65Q6gdnH1/RVIbTZcm/ah2E0+NBPG3MN1SrTccYxzwXpcGlzyoCpxV8EZnRzBDPR+Lbam2WnivGQGskkRh6ysOgqmn8Nsw3xUx2eTHxw7PzsBtbSeN6aEiulDjYEZaEa2hs0IlFbnUHkO2ft7ctcDrQmVmjMilhsRyAI4Mf9lswcBI0NlH3mJImDfPFxl1jC5zwJiKOCggvlb38+Za8yv7ooCb671hOQvUrn1Ijswz72Q== ram.analytical@gmail.com",
                "username": "azureadmin"
              }
            ],
            "admin_username": "azureadmin",
            "allow_extension_operations": true,
            "availability_set_id": "",
            "boot_diagnostics": [],
            "bypass_platform_safety_checks_on_user_schedule_enabled": false,
            "capacity_reservation_group_id": "",
            "computer_name": "secnet-vm-webapp-vm",
            "custom_data": null,
            "dedicated_host_group_id": "",
            "dedicated_host_id": "",
            "disable_password_authentication": true,
            "disk_controller_type": "",
            "edge_zone": "",
            "encryption_at_host_enabled": false,
            "eviction_policy": "",
            "extensions_time_budget": "PT1H30M",
            "gallery_application": [],
            "id": "/subscriptions/148062c8-c4ce-4c5b-b71f-1c6968276c06/resourceGroups/secnet-vm-webapp-rg/providers/Microsoft.Compute/virtualMachines/secnet-vm-webapp-vm",
            "identity": [],
            "license_type": "",
            "location": "australiaeast",
            "max_bid_price": -1,
            "name": "secnet-vm-webapp-vm",
            "network_interface_ids": [
              "/subscriptions/148062c8-c4ce-4c5b-b71f-1c6968276c06/resourceGroups/secnet-vm-webapp-rg/providers/Microsoft.Network/networkInterfaces/secnet-vm-webapp-vm-nic"
            ],
            "os_disk": [
              {
                "caching": "ReadWrite",
                "diff_disk_settings": [],
                "disk_encryption_set_id": "",
                "disk_size_gb": 30,
                "id": "/subscriptions/148062c8-c4ce-4c5b-b71f-1c6968276c06/resourceGroups/secnet-vm-webapp-rg/providers/Microsoft.Compute/disks/secnet-vm-webapp-vm_OsDisk_1_8335d5376b0e4138bcf494d04d46ef7c",
                "name": "secnet-vm-webapp-vm_OsDisk_1_8335d5376b0e4138bcf494d04d46ef7c",
                "secure_vm_disk_encryption_set_id": "",
                "security_encryption_type": "",
                "storage_account_type": "Standard_LRS",
                "write_accelerator_enabled": false
              }
            ],
            "os_image_notification": [],
            "os_managed_disk_id": "/subscriptions/148062c8-c4ce-4c5b-b71f-1c6968276c06/resourceGroups/secnet-vm-webapp-rg/providers/Microsoft.Compute/disks/secnet-vm-webapp-vm_OsDisk_1_8335d5376b0e4138bcf494d04d46ef7c",
            "patch_assessment_mode": "ImageDefault",
            "patch_mode": "ImageDefault",
            "plan": [],
            "platform_fault_domain": -1,
            "priority": "Regular",
            "private_ip_address": "10.0.1.4",
            "private_ip_addresses": [
              "10.0.1.4"
            ],
            "provision_vm_agent": true,
            "proximity_placement_group_id": "",
            "public_ip_address": "",
            "public_ip_addresses": [],
            "reboot_setting": "",
            "resource_group_name": "secnet-vm-webapp-rg",
            "secret": [],
            "secure_boot_enabled": false,
            "size": "Standard_B1s",
            "source_image_id": "",
            "source_image_reference": [
              {
                "offer": "0001-com-ubuntu-server-jammy",
                "publisher": "Canonical",
                "sku": "22_04-lts",
                "version": "latest"
              }
            ],
            "tags": {
              "environment": "dev",
              "owner": "rambabu",
              "project": "secure-network-vm-webapp"
            },
            "termination_notification": [],
            "timeouts": null,
            "user_data": "",
            "virtual_machine_id": "0408ff79-99ba-4eff-8ad3-10f00de11a9e",
            "virtual_machine_scale_set_id": "",
            "vm_agent_platform_updates_enabled": false,
            "vtpm_enabled": false,
            "zone": ""
          },
          "sensitive_attributes": [
            [
              {
                "type": "get_attr",
                "value": "admin_password"
              }
            ],
            [
              {
                "type": "get_attr",
                "value": "custom_data"
              }
            ]
          ],
          "identity_schema_version": 0,
          "private": "eyJlMmJmYjczMC1lY2FhLTExZTYtOGY4OC0zNDM2M2JjN2M0YzAiOnsiY3JlYXRlIjoyNzAwMDAwMDAwMDAwLCJkZWxldGUiOjI3MDAwMDAwMDAwMDAsInJlYWQiOjMwMDAwMDAwMDAwMCwidXBkYXRlIjoyNzAwMDAwMDAwMDAwfX0=",
          "dependencies": [
            "azurerm_network_interface.vm_nic",
            "azurerm_resource_group.rg",
            "azurerm_subnet.subnet_vm",
            "azurerm_virtual_network.vnet"
          ]
        }
      ]
    },
    {
      "mode": "managed",
      "type": "azurerm_linux_web_app",
      "name": "webapp",
      "provider": "provider[\"registry.terraform.io/hashicorp/azurerm\"]",
      "instances": [
        {
          "schema_version": 1,
          "attributes": {
            "app_settings": {
              "PROJECT_NAME": "secnet-vm-webapp",
              "WEBSITE_RUN_FROM_PACKAGE": "0"
            },
            "auth_settings": [
              {
                "active_directory": [],
                "additional_login_parameters": {},
                "allowed_external_redirect_urls": [],
                "default_provider": "",
                "enabled": false,
                "facebook": [],
                "github": [],
                "google": [],
                "issuer": "",
                "microsoft": [],
                "runtime_version": "",
                "token_refresh_extension_hours": 0,
                "token_store_enabled": false,
                "twitter": [],
                "unauthenticated_client_action": ""
              }
            ],
            "auth_settings_v2": [],
            "backup": [],
            "client_affinity_enabled": false,
            "client_certificate_enabled": false,
            "client_certificate_exclusion_paths": "",
            "client_certificate_mode": "Required",
            "connection_string": [],
            "custom_domain_verification_id": "ABBC67BB4DDC87F4B43A9DAE531E22B6489DFA18ABE4227C533A17887798EAB0",
            "default_hostname": "secnet-vm-webapp-webapp.azurewebsites.net",
            "enabled": true,
            "ftp_publish_basic_authentication_enabled": true,
            "hosting_environment_id": "",
            "https_only": false,
            "id": "/subscriptions/148062c8-c4ce-4c5b-b71f-1c6968276c06/resourceGroups/secnet-vm-webapp-rg/providers/Microsoft.Web/sites/secnet-vm-webapp-webapp",
            "identity": [],
            "key_vault_reference_identity_id": "SystemAssigned",
            "kind": "app,linux",
            "location": "australiaeast",
            "logs": [],
            "name": "secnet-vm-webapp-webapp",
            "outbound_ip_address_list": [
              "20.211.58.47",
              "20.211.58.61",
              "20.70.229.4",
              "20.211.58.82",
              "20.211.58.102",
              "20.211.58.148",
              "20.211.64.7"
            ],
            "outbound_ip_addresses": "20.211.58.47,20.211.58.61,20.70.229.4,20.211.58.82,20.211.58.102,20.211.58.148,20.211.64.7",
            "possible_outbound_ip_address_list": [
              "20.211.58.47",
              "20.211.58.61",
              "20.70.229.4",
              "20.211.58.82",
              "20.211.58.102",
              "20.211.58.148",
              "20.211.58.158",
              "20.211.58.168",
              "20.70.231.67",
              "20.70.225.102",
              "20.211.58.173",
              "20.211.56.251",
              "20.211.58.177",
              "20.211.58.203",
              "20.70.228.243",
              "20.70.228.18",
              "20.211.59.77",
              "20.211.59.106",
              "20.70.228.70",
              "20.211.59.113",
              "20.211.56.117",
              "20.211.59.114",
              "20.211.59.124",
              "20.211.58.249",
              "20.211.64.7"
            ],
            "possible_outbound_ip_addresses": "20.211.58.47,20.211.58.61,20.70.229.4,20.211.58.82,20.211.58.102,20.211.58.148,20.211.58.158,20.211.58.168,20.70.231.67,20.70.225.102,20.211.58.173,20.211.56.251,20.211.58.177,20.211.58.203,20.70.228.243,20.70.228.18,20.211.59.77,20.211.59.106,20.70.228.70,20.211.59.113,20.211.56.117,20.211.59.114,20.211.59.124,20.211.58.249,20.211.64.7",
            "public_network_access_enabled": true,
            "resource_group_name": "secnet-vm-webapp-rg",
            "service_plan_id": "/subscriptions/148062c8-c4ce-4c5b-b71f-1c6968276c06/resourceGroups/secnet-vm-webapp-rg/providers/Microsoft.Web/serverFarms/secnet-vm-webapp-asp",
            "site_config": [
              {
                "always_on": true,
                "api_definition_url": "",
                "api_management_api_id": "",
                "app_command_line": "",
                "application_stack": [
                  {
                    "docker_image_name": "",
                    "docker_registry_password": "",
                    "docker_registry_url": "",
                    "docker_registry_username": "",
                    "dotnet_version": "",
                    "go_version": "",
                    "java_server": "",
                    "java_server_version": "",
                    "java_version": "",
                    "node_version": "18-lts",
                    "php_version": "",
                    "python_version": "",
                    "ruby_version": ""
                  }
                ],
                "auto_heal_setting": [],
                "container_registry_managed_identity_client_id": "",
                "container_registry_use_managed_identity": false,
                "cors": [],
                "default_documents": [
                  "Default.htm",
                  "Default.html",
                  "Default.asp",
                  "index.htm",
                  "index.html",
                  "iisstart.htm",
                  "default.aspx",
                  "index.php",
                  "hostingstart.html"
                ],
                "detailed_error_logging_enabled": false,
                "ftps_state": "Disabled",
                "health_check_eviction_time_in_min": 0,
                "health_check_path": "",
                "http2_enabled": false,
                "ip_restriction": [],
                "ip_restriction_default_action": "Allow",
                "linux_fx_version": "NODE|18-lts",
                "load_balancing_mode": "LeastRequests",
                "local_mysql_enabled": false,
                "managed_pipeline_mode": "Integrated",
                "minimum_tls_version": "1.2",
                "remote_debugging_enabled": false,
                "remote_debugging_version": "VS2022",
                "scm_ip_restriction": [],
                "scm_ip_restriction_default_action": "Allow",
                "scm_minimum_tls_version": "1.2",
                "scm_type": "None",
                "scm_use_main_ip_restriction": false,
                "use_32_bit_worker": true,
                "vnet_route_all_enabled": false,
                "websockets_enabled": false,
                "worker_count": 1
              }
            ],
            "site_credential": [
              {
                "name": "$secnet-vm-webapp-webapp",
                "password": "8rnfY5nkuzANLhqllBXPvgsvr7GSapx2Pn53DqxqjZYl33egKErJa3j7F9KE"
              }
            ],
            "sticky_settings": [],
            "storage_account": [],
            "tags": {
              "environment": "dev",
              "owner": "rambabu",
              "project": "secure-network-vm-webapp"
            },
            "timeouts": null,
            "virtual_network_backup_restore_enabled": false,
            "virtual_network_subnet_id": "",
            "vnet_image_pull_enabled": false,
            "webdeploy_publish_basic_authentication_enabled": true,
            "zip_deploy_file": ""
          },
          "sensitive_attributes": [
            [
              {
                "type": "get_attr",
                "value": "custom_domain_verification_id"
              }
            ],
            [
              {
                "type": "get_attr",
                "value": "site_config"
              },
              {
                "type": "index",
                "value": {
                  "value": 0,
                  "type": "number"
                }
              },
              {
                "type": "get_attr",
                "value": "application_stack"
              },
              {
                "type": "index",
                "value": {
                  "value": 0,
                  "type": "number"
                }
              },
              {
                "type": "get_attr",
                "value": "docker_registry_password"
              }
            ],
            [
              {
                "type": "get_attr",
                "value": "site_credential"
              }
            ]
          ],
          "identity_schema_version": 0,
          "private": "eyJlMmJmYjczMC1lY2FhLTExZTYtOGY4OC0zNDM2M2JjN2M0YzAiOnsiY3JlYXRlIjoxODAwMDAwMDAwMDAwLCJkZWxldGUiOjE4MDAwMDAwMDAwMDAsInJlYWQiOjMwMDAwMDAwMDAwMCwidXBkYXRlIjoxODAwMDAwMDAwMDAwfSwic2NoZW1hX3ZlcnNpb24iOiIxIn0=",
          "dependencies": [
            "azurerm_resource_group.rg",
            "azurerm_service_plan.asp"
          ]
        }
      ]
    },
    {
      "mode": "managed",
      "type": "azurerm_network_interface",
      "name": "vm_nic",
      "provider": "provider[\"registry.terraform.io/hashicorp/azurerm\"]",
      "instances": [
        {
          "schema_version": 0,
          "attributes": {
            "accelerated_networking_enabled": false,
            "applied_dns_servers": [],
            "auxiliary_mode": "",
            "auxiliary_sku": "",
            "dns_servers": [],
            "edge_zone": "",
            "id": "/subscriptions/148062c8-c4ce-4c5b-b71f-1c6968276c06/resourceGroups/secnet-vm-webapp-rg/providers/Microsoft.Network/networkInterfaces/secnet-vm-webapp-vm-nic",
            "internal_dns_name_label": "",
            "internal_domain_name_suffix": "3aerzaaioz4ejirw425niq1tic.px.internal.cloudapp.net",
            "ip_configuration": [
              {
                "gateway_load_balancer_frontend_ip_configuration_id": "",
                "name": "internal",
                "primary": true,
                "private_ip_address": "10.0.1.4",
                "private_ip_address_allocation": "Dynamic",
                "private_ip_address_version": "IPv4",
                "public_ip_address_id": "",
                "subnet_id": "/subscriptions/148062c8-c4ce-4c5b-b71f-1c6968276c06/resourceGroups/secnet-vm-webapp-rg/providers/Microsoft.Network/virtualNetworks/secnet-vm-webapp-vnet/subnets/vm-subnet"
              }
            ],
            "ip_forwarding_enabled": false,
            "location": "australiaeast",
            "mac_address": "7C-ED-8D-D1-86-79",
            "name": "secnet-vm-webapp-vm-nic",
            "private_ip_address": "10.0.1.4",
            "private_ip_addresses": [
              "10.0.1.4"
            ],
            "resource_group_name": "secnet-vm-webapp-rg",
            "tags": {
              "environment": "dev",
              "owner": "rambabu",
              "project": "secure-network-vm-webapp"
            },
            "timeouts": null,
            "virtual_machine_id": "/subscriptions/148062c8-c4ce-4c5b-b71f-1c6968276c06/resourceGroups/secnet-vm-webapp-rg/providers/Microsoft.Compute/virtualMachines/secnet-vm-webapp-vm"
          },
          "sensitive_attributes": [],
          "identity_schema_version": 0,
          "identity": {
            "name": "secnet-vm-webapp-vm-nic",
            "resource_group_name": "secnet-vm-webapp-rg",
            "subscription_id": "148062c8-c4ce-4c5b-b71f-1c6968276c06"
          },
          "private": "eyJlMmJmYjczMC1lY2FhLTExZTYtOGY4OC0zNDM2M2JjN2M0YzAiOnsiY3JlYXRlIjoxODAwMDAwMDAwMDAwLCJkZWxldGUiOjE4MDAwMDAwMDAwMDAsInJlYWQiOjMwMDAwMDAwMDAwMCwidXBkYXRlIjoxODAwMDAwMDAwMDAwfX0=",
          "dependencies": [
            "azurerm_resource_group.rg",
            "azurerm_subnet.subnet_vm",
            "azurerm_virtual_network.vnet"
          ]
        }
      ]
    },
    {
      "mode": "managed",
      "type": "azurerm_network_security_group",
      "name": "nsg_vm",
      "provider": "provider[\"registry.terraform.io/hashicorp/azurerm\"]",
      "instances": [
        {
          "schema_version": 0,
          "attributes": {
            "id": "/subscriptions/148062c8-c4ce-4c5b-b71f-1c6968276c06/resourceGroups/secnet-vm-webapp-rg/providers/Microsoft.Network/networkSecurityGroups/secnet-vm-webapp-vm-nsg",
            "location": "australiaeast",
            "name": "secnet-vm-webapp-vm-nsg",
            "resource_group_name": "secnet-vm-webapp-rg",
            "security_rule": [
              {
                "access": "Allow",
                "description": "",
                "destination_address_prefix": "*",
                "destination_address_prefixes": [],
                "destination_application_security_group_ids": [],
                "destination_port_range": "22",
                "destination_port_ranges": [],
                "direction": "Inbound",
                "name": "Allow-SSH-from-Vnet",
                "priority": 100,
                "protocol": "Tcp",
                "source_address_prefix": "VirtualNetwork",
                "source_address_prefixes": [],
                "source_application_security_group_ids": [],
                "source_port_range": "*",
                "source_port_ranges": []
              }
            ],
            "tags": {
              "environment": "dev",
              "owner": "rambabu",
              "project": "secure-network-vm-webapp"
            },
            "timeouts": null
          },
          "sensitive_attributes": [],
          "identity_schema_version": 0,
          "identity": {
            "name": "secnet-vm-webapp-vm-nsg",
            "resource_group_name": "secnet-vm-webapp-rg",
            "subscription_id": "148062c8-c4ce-4c5b-b71f-1c6968276c06"
          },
          "private": "eyJlMmJmYjczMC1lY2FhLTExZTYtOGY4OC0zNDM2M2JjN2M0YzAiOnsiY3JlYXRlIjoxODAwMDAwMDAwMDAwLCJkZWxldGUiOjE4MDAwMDAwMDAwMDAsInJlYWQiOjMwMDAwMDAwMDAwMCwidXBkYXRlIjoxODAwMDAwMDAwMDAwfX0=",
          "dependencies": [
            "azurerm_resource_group.rg"
          ]
        }
      ]
    },
    {
      "mode": "managed",
      "type": "azurerm_network_security_group",
      "name": "nsg_webapp",
      "provider": "provider[\"registry.terraform.io/hashicorp/azurerm\"]",
      "instances": [
        {
          "schema_version": 0,
          "attributes": {
            "id": "/subscriptions/148062c8-c4ce-4c5b-b71f-1c6968276c06/resourceGroups/secnet-vm-webapp-rg/providers/Microsoft.Network/networkSecurityGroups/secnet-vm-webapp-webapp-nsg",
            "location": "australiaeast",
            "name": "secnet-vm-webapp-webapp-nsg",
            "resource_group_name": "secnet-vm-webapp-rg",
            "security_rule": [
              {
                "access": "Allow",
                "description": "",
                "destination_address_prefix": "*",
                "destination_address_prefixes": [],
                "destination_application_security_group_ids": [],
                "destination_port_range": "*",
                "destination_port_ranges": [],
                "direction": "Inbound",
                "name": "Allow-Vnet-All",
                "priority": 100,
                "protocol": "*",
                "source_address_prefix": "VirtualNetwork",
                "source_address_prefixes": [],
                "source_application_security_group_ids": [],
                "source_port_range": "*",
                "source_port_ranges": []
              }
            ],
            "tags": {
              "environment": "dev",
              "owner": "rambabu",
              "project": "secure-network-vm-webapp"
            },
            "timeouts": null
          },
          "sensitive_attributes": [],
          "identity_schema_version": 0,
          "identity": {
            "name": "secnet-vm-webapp-webapp-nsg",
            "resource_group_name": "secnet-vm-webapp-rg",
            "subscription_id": "148062c8-c4ce-4c5b-b71f-1c6968276c06"
          },
          "private": "eyJlMmJmYjczMC1lY2FhLTExZTYtOGY4OC0zNDM2M2JjN2M0YzAiOnsiY3JlYXRlIjoxODAwMDAwMDAwMDAwLCJkZWxldGUiOjE4MDAwMDAwMDAwMDAsInJlYWQiOjMwMDAwMDAwMDAwMCwidXBkYXRlIjoxODAwMDAwMDAwMDAwfX0=",
          "dependencies": [
            "azurerm_resource_group.rg"
          ]
        }
      ]
    },
    {
      "mode": "managed",
      "type": "azurerm_public_ip",
      "name": "bastion_pip",
      "provider": "provider[\"registry.terraform.io/hashicorp/azurerm\"]",
      "instances": [
        {
          "schema_version": 0,
          "attributes": {
            "allocation_method": "Static",
            "ddos_protection_mode": "VirtualNetworkInherited",
            "ddos_protection_plan_id": null,
            "domain_name_label": null,
            "domain_name_label_scope": null,
            "edge_zone": "",
            "fqdn": null,
            "id": "/subscriptions/148062c8-c4ce-4c5b-b71f-1c6968276c06/resourceGroups/secnet-vm-webapp-rg/providers/Microsoft.Network/publicIPAddresses/secnet-vm-webapp-bastion-pip",
            "idle_timeout_in_minutes": 4,
            "ip_address": "4.197.211.128",
            "ip_tags": {},
            "ip_version": "IPv4",
            "location": "australiaeast",
            "name": "secnet-vm-webapp-bastion-pip",
            "public_ip_prefix_id": null,
            "resource_group_name": "secnet-vm-webapp-rg",
            "reverse_fqdn": null,
            "sku": "Standard",
            "sku_tier": "Regional",
            "tags": {
              "environment": "dev",
              "owner": "rambabu",
              "project": "secure-network-vm-webapp"
            },
            "timeouts": null,
            "zones": []
          },
          "sensitive_attributes": [],
          "identity_schema_version": 0,
          "private": "eyJlMmJmYjczMC1lY2FhLTExZTYtOGY4OC0zNDM2M2JjN2M0YzAiOnsiY3JlYXRlIjoxODAwMDAwMDAwMDAwLCJkZWxldGUiOjE4MDAwMDAwMDAwMDAsInJlYWQiOjMwMDAwMDAwMDAwMCwidXBkYXRlIjoxODAwMDAwMDAwMDAwfX0=",
          "dependencies": [
            "azurerm_resource_group.rg"
          ]
        }
      ]
    },
    {
      "mode": "managed",
      "type": "azurerm_resource_group",
      "name": "rg",
      "provider": "provider[\"registry.terraform.io/hashicorp/azurerm\"]",
      "instances": [
        {
          "schema_version": 0,
          "attributes": {
            "id": "/subscriptions/148062c8-c4ce-4c5b-b71f-1c6968276c06/resourceGroups/secnet-vm-webapp-rg",
            "location": "australiaeast",
            "managed_by": "",
            "name": "secnet-vm-webapp-rg",
            "tags": {
              "environment": "dev",
              "owner": "rambabu",
              "project": "secure-network-vm-webapp"
            },
            "timeouts": null
          },
          "sensitive_attributes": [],
          "identity_schema_version": 0,
          "identity": {
            "name": "secnet-vm-webapp-rg",
            "subscription_id": "148062c8-c4ce-4c5b-b71f-1c6968276c06"
          },
          "private": "eyJlMmJmYjczMC1lY2FhLTExZTYtOGY4OC0zNDM2M2JjN2M0YzAiOnsiY3JlYXRlIjo1NDAwMDAwMDAwMDAwLCJkZWxldGUiOjU0MDAwMDAwMDAwMDAsInJlYWQiOjMwMDAwMDAwMDAwMCwidXBkYXRlIjo1NDAwMDAwMDAwMDAwfX0="
        }
      ]
    },
    {
      "mode": "managed",
      "type": "azurerm_service_plan",
      "name": "asp",
      "provider": "provider[\"registry.terraform.io/hashicorp/azurerm\"]",
      "instances": [
        {
          "schema_version": 1,
          "attributes": {
            "app_service_environment_id": "",
            "id": "/subscriptions/148062c8-c4ce-4c5b-b71f-1c6968276c06/resourceGroups/secnet-vm-webapp-rg/providers/Microsoft.Web/serverFarms/secnet-vm-webapp-asp",
            "kind": "linux",
            "location": "australiaeast",
            "maximum_elastic_worker_count": 1,
            "name": "secnet-vm-webapp-asp",
            "os_type": "Linux",
            "per_site_scaling_enabled": false,
            "premium_plan_auto_scale_enabled": false,
            "reserved": true,
            "resource_group_name": "secnet-vm-webapp-rg",
            "sku_name": "B1",
            "tags": {
              "environment": "dev",
              "owner": "rambabu",
              "project": "secure-network-vm-webapp"
            },
            "timeouts": null,
            "worker_count": 1,
            "zone_balancing_enabled": false
          },
          "sensitive_attributes": [],
          "identity_schema_version": 0,
          "private": "eyJlMmJmYjczMC1lY2FhLTExZTYtOGY4OC0zNDM2M2JjN2M0YzAiOnsiY3JlYXRlIjozNjAwMDAwMDAwMDAwLCJkZWxldGUiOjM2MDAwMDAwMDAwMDAsInJlYWQiOjMwMDAwMDAwMDAwMCwidXBkYXRlIjozNjAwMDAwMDAwMDAwfSwic2NoZW1hX3ZlcnNpb24iOiIxIn0=",
          "dependencies": [
            "azurerm_resource_group.rg"
          ]
        }
      ]
    },
    {
      "mode": "managed",
      "type": "azurerm_subnet",
      "name": "subnet_bastion",
      "provider": "provider[\"registry.terraform.io/hashicorp/azurerm\"]",
      "instances": [
        {
          "schema_version": 0,
          "attributes": {
            "address_prefixes": [
              "10.0.3.0/27"
            ],
            "default_outbound_access_enabled": true,
            "delegation": [],
            "id": "/subscriptions/148062c8-c4ce-4c5b-b71f-1c6968276c06/resourceGroups/secnet-vm-webapp-rg/providers/Microsoft.Network/virtualNetworks/secnet-vm-webapp-vnet/subnets/AzureBastionSubnet",
            "ip_address_pool": [],
            "name": "AzureBastionSubnet",
            "private_endpoint_network_policies": "Disabled",
            "private_link_service_network_policies_enabled": true,
            "resource_group_name": "secnet-vm-webapp-rg",
            "service_endpoint_policy_ids": [],
            "service_endpoints": [],
            "sharing_scope": "",
            "timeouts": null,
            "virtual_network_name": "secnet-vm-webapp-vnet"
          },
          "sensitive_attributes": [],
          "identity_schema_version": 0,
          "identity": {
            "name": "AzureBastionSubnet",
            "resource_group_name": "secnet-vm-webapp-rg",
            "subscription_id": "148062c8-c4ce-4c5b-b71f-1c6968276c06",
            "virtual_network_name": "secnet-vm-webapp-vnet"
          },
          "private": "eyJlMmJmYjczMC1lY2FhLTExZTYtOGY4OC0zNDM2M2JjN2M0YzAiOnsiY3JlYXRlIjoxODAwMDAwMDAwMDAwLCJkZWxldGUiOjE4MDAwMDAwMDAwMDAsInJlYWQiOjMwMDAwMDAwMDAwMCwidXBkYXRlIjoxODAwMDAwMDAwMDAwfX0=",
          "dependencies": [
            "azurerm_resource_group.rg",
            "azurerm_virtual_network.vnet"
          ]
        }
      ]
    },
    {
      "mode": "managed",
      "type": "azurerm_subnet",
      "name": "subnet_vm",
      "provider": "provider[\"registry.terraform.io/hashicorp/azurerm\"]",
      "instances": [
        {
          "schema_version": 0,
          "attributes": {
            "address_prefixes": [
              "10.0.1.0/24"
            ],
            "default_outbound_access_enabled": true,
            "delegation": [],
            "id": "/subscriptions/148062c8-c4ce-4c5b-b71f-1c6968276c06/resourceGroups/secnet-vm-webapp-rg/providers/Microsoft.Network/virtualNetworks/secnet-vm-webapp-vnet/subnets/vm-subnet",
            "ip_address_pool": [],
            "name": "vm-subnet",
            "private_endpoint_network_policies": "Disabled",
            "private_link_service_network_policies_enabled": true,
            "resource_group_name": "secnet-vm-webapp-rg",
            "service_endpoint_policy_ids": [],
            "service_endpoints": [],
            "sharing_scope": "",
            "timeouts": null,
            "virtual_network_name": "secnet-vm-webapp-vnet"
          },
          "sensitive_attributes": [],
          "identity_schema_version": 0,
          "identity": {
            "name": "vm-subnet",
            "resource_group_name": "secnet-vm-webapp-rg",
            "subscription_id": "148062c8-c4ce-4c5b-b71f-1c6968276c06",
            "virtual_network_name": "secnet-vm-webapp-vnet"
          },
          "private": "eyJlMmJmYjczMC1lY2FhLTExZTYtOGY4OC0zNDM2M2JjN2M0YzAiOnsiY3JlYXRlIjoxODAwMDAwMDAwMDAwLCJkZWxldGUiOjE4MDAwMDAwMDAwMDAsInJlYWQiOjMwMDAwMDAwMDAwMCwidXBkYXRlIjoxODAwMDAwMDAwMDAwfX0=",
          "dependencies": [
            "azurerm_resource_group.rg",
            "azurerm_virtual_network.vnet"
          ]
        }
      ]
    },
    {
      "mode": "managed",
      "type": "azurerm_subnet",
      "name": "subnet_webapp",
      "provider": "provider[\"registry.terraform.io/hashicorp/azurerm\"]",
      "instances": [
        {
          "schema_version": 0,
          "attributes": {
            "address_prefixes": [
              "10.0.2.0/24"
            ],
            "default_outbound_access_enabled": true,
            "delegation": [],
            "id": "/subscriptions/148062c8-c4ce-4c5b-b71f-1c6968276c06/resourceGroups/secnet-vm-webapp-rg/providers/Microsoft.Network/virtualNetworks/secnet-vm-webapp-vnet/subnets/webapp-subnet",
            "ip_address_pool": [],
            "name": "webapp-subnet",
            "private_endpoint_network_policies": "Disabled",
            "private_link_service_network_policies_enabled": true,
            "resource_group_name": "secnet-vm-webapp-rg",
            "service_endpoint_policy_ids": [],
            "service_endpoints": [],
            "sharing_scope": "",
            "timeouts": null,
            "virtual_network_name": "secnet-vm-webapp-vnet"
          },
          "sensitive_attributes": [],
          "identity_schema_version": 0,
          "identity": {
            "name": "webapp-subnet",
            "resource_group_name": "secnet-vm-webapp-rg",
            "subscription_id": "148062c8-c4ce-4c5b-b71f-1c6968276c06",
            "virtual_network_name": "secnet-vm-webapp-vnet"
          },
          "private": "eyJlMmJmYjczMC1lY2FhLTExZTYtOGY4OC0zNDM2M2JjN2M0YzAiOnsiY3JlYXRlIjoxODAwMDAwMDAwMDAwLCJkZWxldGUiOjE4MDAwMDAwMDAwMDAsInJlYWQiOjMwMDAwMDAwMDAwMCwidXBkYXRlIjoxODAwMDAwMDAwMDAwfX0=",
          "dependencies": [
            "azurerm_resource_group.rg",
            "azurerm_virtual_network.vnet"
          ]
        }
      ]
    },
    {
      "mode": "managed",
      "type": "azurerm_subnet_network_security_group_association",
      "name": "vm_nsg_assoc",
      "provider": "provider[\"registry.terraform.io/hashicorp/azurerm\"]",
      "instances": [
        {
          "schema_version": 0,
          "attributes": {
            "id": "/subscriptions/148062c8-c4ce-4c5b-b71f-1c6968276c06/resourceGroups/secnet-vm-webapp-rg/providers/Microsoft.Network/virtualNetworks/secnet-vm-webapp-vnet/subnets/vm-subnet",
            "network_security_group_id": "/subscriptions/148062c8-c4ce-4c5b-b71f-1c6968276c06/resourceGroups/secnet-vm-webapp-rg/providers/Microsoft.Network/networkSecurityGroups/secnet-vm-webapp-vm-nsg",
            "subnet_id": "/subscriptions/148062c8-c4ce-4c5b-b71f-1c6968276c06/resourceGroups/secnet-vm-webapp-rg/providers/Microsoft.Network/virtualNetworks/secnet-vm-webapp-vnet/subnets/vm-subnet",
            "timeouts": null
          },
          "sensitive_attributes": [],
          "identity_schema_version": 0,
          "private": "eyJlMmJmYjczMC1lY2FhLTExZTYtOGY4OC0zNDM2M2JjN2M0YzAiOnsiY3JlYXRlIjoxODAwMDAwMDAwMDAwLCJkZWxldGUiOjE4MDAwMDAwMDAwMDAsInJlYWQiOjMwMDAwMDAwMDAwMH19",
          "dependencies": [
            "azurerm_network_security_group.nsg_vm",
            "azurerm_resource_group.rg",
            "azurerm_subnet.subnet_vm",
            "azurerm_virtual_network.vnet"
          ]
        }
      ]
    },
    {
      "mode": "managed",
      "type": "azurerm_subnet_network_security_group_association",
      "name": "webapp_nsg_assoc",
      "provider": "provider[\"registry.terraform.io/hashicorp/azurerm\"]",
      "instances": [
        {
          "schema_version": 0,
          "attributes": {
            "id": "/subscriptions/148062c8-c4ce-4c5b-b71f-1c6968276c06/resourceGroups/secnet-vm-webapp-rg/providers/Microsoft.Network/virtualNetworks/secnet-vm-webapp-vnet/subnets/webapp-subnet",
            "network_security_group_id": "/subscriptions/148062c8-c4ce-4c5b-b71f-1c6968276c06/resourceGroups/secnet-vm-webapp-rg/providers/Microsoft.Network/networkSecurityGroups/secnet-vm-webapp-webapp-nsg",
            "subnet_id": "/subscriptions/148062c8-c4ce-4c5b-b71f-1c6968276c06/resourceGroups/secnet-vm-webapp-rg/providers/Microsoft.Network/virtualNetworks/secnet-vm-webapp-vnet/subnets/webapp-subnet",
            "timeouts": null
          },
          "sensitive_attributes": [],
          "identity_schema_version": 0,
          "private": "eyJlMmJmYjczMC1lY2FhLTExZTYtOGY4OC0zNDM2M2JjN2M0YzAiOnsiY3JlYXRlIjoxODAwMDAwMDAwMDAwLCJkZWxldGUiOjE4MDAwMDAwMDAwMDAsInJlYWQiOjMwMDAwMDAwMDAwMH19",
          "dependencies": [
            "azurerm_network_security_group.nsg_webapp",
            "azurerm_resource_group.rg",
            "azurerm_subnet.subnet_webapp",
            "azurerm_virtual_network.vnet"
          ]
        }
      ]
    },
    {
      "mode": "managed",
      "type": "azurerm_virtual_network",
      "name": "vnet",
      "provider": "provider[\"registry.terraform.io/hashicorp/azurerm\"]",
      "instances": [
        {
          "schema_version": 0,
          "attributes": {
            "address_space": [
              "10.0.0.0/16"
            ],
            "bgp_community": "",
            "ddos_protection_plan": [],
            "dns_servers": [],
            "edge_zone": "",
            "encryption": [],
            "flow_timeout_in_minutes": 0,
            "guid": "801c09e8-7608-447c-a236-f73ed4437342",
            "id": "/subscriptions/148062c8-c4ce-4c5b-b71f-1c6968276c06/resourceGroups/secnet-vm-webapp-rg/providers/Microsoft.Network/virtualNetworks/secnet-vm-webapp-vnet",
            "ip_address_pool": [],
            "location": "australiaeast",
            "name": "secnet-vm-webapp-vnet",
            "private_endpoint_vnet_policies": "Disabled",
            "resource_group_name": "secnet-vm-webapp-rg",
            "subnet": [
              {
                "address_prefixes": [
                  "10.0.1.0/24"
                ],
                "default_outbound_access_enabled": true,
                "delegation": [],
                "id": "/subscriptions/148062c8-c4ce-4c5b-b71f-1c6968276c06/resourceGroups/secnet-vm-webapp-rg/providers/Microsoft.Network/virtualNetworks/secnet-vm-webapp-vnet/subnets/vm-subnet",
                "name": "vm-subnet",
                "private_endpoint_network_policies": "Disabled",
                "private_link_service_network_policies_enabled": true,
                "route_table_id": "",
                "security_group": "/subscriptions/148062c8-c4ce-4c5b-b71f-1c6968276c06/resourceGroups/secnet-vm-webapp-rg/providers/Microsoft.Network/networkSecurityGroups/secnet-vm-webapp-vm-nsg",
                "service_endpoint_policy_ids": [],
                "service_endpoints": []
              },
              {
                "address_prefixes": [
                  "10.0.2.0/24"
                ],
                "default_outbound_access_enabled": true,
                "delegation": [],
                "id": "/subscriptions/148062c8-c4ce-4c5b-b71f-1c6968276c06/resourceGroups/secnet-vm-webapp-rg/providers/Microsoft.Network/virtualNetworks/secnet-vm-webapp-vnet/subnets/webapp-subnet",
                "name": "webapp-subnet",
                "private_endpoint_network_policies": "Disabled",
                "private_link_service_network_policies_enabled": true,
                "route_table_id": "",
                "security_group": "/subscriptions/148062c8-c4ce-4c5b-b71f-1c6968276c06/resourceGroups/secnet-vm-webapp-rg/providers/Microsoft.Network/networkSecurityGroups/secnet-vm-webapp-webapp-nsg",
                "service_endpoint_policy_ids": [],
                "service_endpoints": []
              },
              {
                "address_prefixes": [
                  "10.0.3.0/27"
                ],
                "default_outbound_access_enabled": true,
                "delegation": [],
                "id": "/subscriptions/148062c8-c4ce-4c5b-b71f-1c6968276c06/resourceGroups/secnet-vm-webapp-rg/providers/Microsoft.Network/virtualNetworks/secnet-vm-webapp-vnet/subnets/AzureBastionSubnet",
                "name": "AzureBastionSubnet",
                "private_endpoint_network_policies": "Disabled",
                "private_link_service_network_policies_enabled": true,
                "route_table_id": "",
                "security_group": "",
                "service_endpoint_policy_ids": [],
                "service_endpoints": []
              }
            ],
            "tags": {
              "environment": "dev",
              "owner": "rambabu",
              "project": "secure-network-vm-webapp"
            },
            "timeouts": null
          },
          "sensitive_attributes": [],
          "identity_schema_version": 0,
          "identity": {
            "name": "secnet-vm-webapp-vnet",
            "resource_group_name": "secnet-vm-webapp-rg",
            "subscription_id": "148062c8-c4ce-4c5b-b71f-1c6968276c06"
          },
          "private": "eyJlMmJmYjczMC1lY2FhLTExZTYtOGY4OC0zNDM2M2JjN2M0YzAiOnsiY3JlYXRlIjoxODAwMDAwMDAwMDAwLCJkZWxldGUiOjE4MDAwMDAwMDAwMDAsInJlYWQiOjMwMDAwMDAwMDAwMCwidXBkYXRlIjoxODAwMDAwMDAwMDAwfX0=",
          "dependencies": [
            "azurerm_resource_group.rg"
          ]
        }
      ]
    }
  ],
  "check_results": null
}
